
Microsoft Visual Studio Solution File, Format Version 12.00
# Visual Studio Version 17
VisualStudioVersion = 17.0.31903.59
MinimumVisualStudioVersion = 10.0.40219.1
Project("{2150E333-8FDC-42A3-9474-1A3956D46DE8}") = "src", "src", "{CADBDB9C-5FEE-474F-8A09-1BD90B8999A4}"
EndProject
Project("{9A19103F-16F7-4668-BE54-9A1E7A4F7556}") = "Result.v1", "src\Result.v1\Result.v1.csproj", "{BDCFE174-CB84-4833-ADB2-B63A7B69D768}"
EndProject
Project("{2150E333-8FDC-42A3-9474-1A3956D46DE8}") = "sample", "sample", "{3D76471B-A563-40F4-A643-BA61401308D5}"
EndProject
Project("{9A19103F-16F7-4668-BE54-9A1E7A4F7556}") = "Host", "sample\Host\Host.csproj", "{AB2F7A2E-17E7-4652-B9B6-D9814F840846}"
EndProject
Project("{9A19103F-16F7-4668-BE54-9A1E7A4F7556}") = "Result.v2", "src\Result.v2\Result.v2.csproj", "{19517A0C-586D-4D19-A81E-D11AC2F93F49}"
EndProject
Project("{9A19103F-16F7-4668-BE54-9A1E7A4F7556}") = "Core", "src\Core\Core.csproj", "{9FA876A0-CFE4-401D-93E2-C21ADFE992A2}"
EndProject
Project("{9A19103F-16F7-4668-BE54-9A1E7A4F7556}") = "Core.Documents", "src\Core.Documents\Core.Documents.csproj", "{D3C9A877-ED55-4219-AF7A-227B21C87F24}"
EndProject
Project("{9A19103F-16F7-4668-BE54-9A1E7A4F7556}") = "Extensions.Documents", "src\Extensions.Documents\Extensions.Documents.csproj", "{F2AD28F5-FB8A-4585-8B7B-57272D8D898B}"
EndProject
Project("{9A19103F-16F7-4668-BE54-9A1E7A4F7556}") = "Core.Caching", "src\Core.Caching\Core.Caching.csproj", "{7892F25A-B6F0-43EE-9834-9867404962E3}"
EndProject
Project("{9A19103F-16F7-4668-BE54-9A1E7A4F7556}") = "Extensions.Caching", "src\Extensions.Caching\Extensions.Caching.csproj", "{4054A9A4-94A2-45A2-9933-7E75AC9EFCE4}"
EndProject
Project("{9A19103F-16F7-4668-BE54-9A1E7A4F7556}") = "Core.Logging", "src\Core.Logging\Core.Logging.csproj", "{123AA235-12AB-4603-A9D0-769ED8A75A05}"
EndProject
Project("{9A19103F-16F7-4668-BE54-9A1E7A4F7556}") = "Extensions.Logging", "src\Extensions.Logging\Extensions.Logging.csproj", "{7792E187-82DD-4632-9DCC-56D811D2CDD6}"
EndProject
Project("{9A19103F-16F7-4668-BE54-9A1E7A4F7556}") = "Extensions", "src\Extensions\Extensions.csproj", "{D9B79F03-7196-4F2C-BA9E-9B86ADA7C846}"
EndProject
Project("{9A19103F-16F7-4668-BE54-9A1E7A4F7556}") = "Extensions.SmtpMail", "src\Extensions.SmtpMail\Extensions.SmtpMail.csproj", "{5EFED5B7-165C-4652-A798-380F4E10D28F}"
EndProject
Project("{9A19103F-16F7-4668-BE54-9A1E7A4F7556}") = "Extensions.Graph", "src\Extensions.Graph\Extensions.Graph.csproj", "{1B5C95B8-0626-4FA3-817E-E7FC590DC530}"
EndProject
Project("{9A19103F-16F7-4668-BE54-9A1E7A4F7556}") = "Core.Sender", "src\Core.Sender\Core.Sender.csproj", "{D1B43F50-ED98-4A72-8D21-1D091329D265}"
EndProject
Project("{9A19103F-16F7-4668-BE54-9A1E7A4F7556}") = "Extensions.Telegram", "src\Extensions.Telegram\Extensions.Telegram.csproj", "{60AA70C6-B61F-4E1D-942F-C38B05CFDFDD}"
EndProject
Project("{9A19103F-16F7-4668-BE54-9A1E7A4F7556}") = "Extensions.DependencyInjection", "src\Extensions.DependencyInjection\Extensions.DependencyInjection.csproj", "{26681D3B-96E3-4277-8192-619FC30AB879}"
EndProject
Project("{9A19103F-16F7-4668-BE54-9A1E7A4F7556}") = "EfCore", "src\EfCore\EfCore.csproj", "{B315A5C7-C9DF-43C9-B9E8-508579A97683}"
EndProject
Project("{9A19103F-16F7-4668-BE54-9A1E7A4F7556}") = "EfCore.Cache", "src\EfCore.Cache\EfCore.Cache.csproj", "{FF1115E4-CCA1-40A2-A2E4-1155E199166A}"
EndProject
Global
	GlobalSection(SolutionConfigurationPlatforms) = preSolution
		Debug|Any CPU = Debug|Any CPU
		Release|Any CPU = Release|Any CPU
	EndGlobalSection
	GlobalSection(ProjectConfigurationPlatforms) = postSolution
		{BDCFE174-CB84-4833-ADB2-B63A7B69D768}.Debug|Any CPU.ActiveCfg = Debug|Any CPU
		{BDCFE174-CB84-4833-ADB2-B63A7B69D768}.Debug|Any CPU.Build.0 = Debug|Any CPU
		{BDCFE174-CB84-4833-ADB2-B63A7B69D768}.Release|Any CPU.ActiveCfg = Release|Any CPU
		{BDCFE174-CB84-4833-ADB2-B63A7B69D768}.Release|Any CPU.Build.0 = Release|Any CPU
		{AB2F7A2E-17E7-4652-B9B6-D9814F840846}.Debug|Any CPU.ActiveCfg = Debug|Any CPU
		{AB2F7A2E-17E7-4652-B9B6-D9814F840846}.Debug|Any CPU.Build.0 = Debug|Any CPU
		{AB2F7A2E-17E7-4652-B9B6-D9814F840846}.Release|Any CPU.ActiveCfg = Release|Any CPU
		{AB2F7A2E-17E7-4652-B9B6-D9814F840846}.Release|Any CPU.Build.0 = Release|Any CPU
		{19517A0C-586D-4D19-A81E-D11AC2F93F49}.Debug|Any CPU.ActiveCfg = Debug|Any CPU
		{19517A0C-586D-4D19-A81E-D11AC2F93F49}.Debug|Any CPU.Build.0 = Debug|Any CPU
		{19517A0C-586D-4D19-A81E-D11AC2F93F49}.Release|Any CPU.ActiveCfg = Release|Any CPU
		{19517A0C-586D-4D19-A81E-D11AC2F93F49}.Release|Any CPU.Build.0 = Release|Any CPU
		{9FA876A0-CFE4-401D-93E2-C21ADFE992A2}.Debug|Any CPU.ActiveCfg = Debug|Any CPU
		{9FA876A0-CFE4-401D-93E2-C21ADFE992A2}.Debug|Any CPU.Build.0 = Debug|Any CPU
		{9FA876A0-CFE4-401D-93E2-C21ADFE992A2}.Release|Any CPU.ActiveCfg = Release|Any CPU
		{9FA876A0-CFE4-401D-93E2-C21ADFE992A2}.Release|Any CPU.Build.0 = Release|Any CPU
		{D3C9A877-ED55-4219-AF7A-227B21C87F24}.Debug|Any CPU.ActiveCfg = Debug|Any CPU
		{D3C9A877-ED55-4219-AF7A-227B21C87F24}.Debug|Any CPU.Build.0 = Debug|Any CPU
		{D3C9A877-ED55-4219-AF7A-227B21C87F24}.Release|Any CPU.ActiveCfg = Release|Any CPU
		{D3C9A877-ED55-4219-AF7A-227B21C87F24}.Release|Any CPU.Build.0 = Release|Any CPU
		{F2AD28F5-FB8A-4585-8B7B-57272D8D898B}.Debug|Any CPU.ActiveCfg = Debug|Any CPU
		{F2AD28F5-FB8A-4585-8B7B-57272D8D898B}.Debug|Any CPU.Build.0 = Debug|Any CPU
		{F2AD28F5-FB8A-4585-8B7B-57272D8D898B}.Release|Any CPU.ActiveCfg = Release|Any CPU
		{F2AD28F5-FB8A-4585-8B7B-57272D8D898B}.Release|Any CPU.Build.0 = Release|Any CPU
		{7892F25A-B6F0-43EE-9834-9867404962E3}.Debug|Any CPU.ActiveCfg = Debug|Any CPU
		{7892F25A-B6F0-43EE-9834-9867404962E3}.Debug|Any CPU.Build.0 = Debug|Any CPU
		{7892F25A-B6F0-43EE-9834-9867404962E3}.Release|Any CPU.ActiveCfg = Release|Any CPU
		{7892F25A-B6F0-43EE-9834-9867404962E3}.Release|Any CPU.Build.0 = Release|Any CPU
		{4054A9A4-94A2-45A2-9933-7E75AC9EFCE4}.Debug|Any CPU.ActiveCfg = Debug|Any CPU
		{4054A9A4-94A2-45A2-9933-7E75AC9EFCE4}.Debug|Any CPU.Build.0 = Debug|Any CPU
		{4054A9A4-94A2-45A2-9933-7E75AC9EFCE4}.Release|Any CPU.ActiveCfg = Release|Any CPU
		{4054A9A4-94A2-45A2-9933-7E75AC9EFCE4}.Release|Any CPU.Build.0 = Release|Any CPU
		{123AA235-12AB-4603-A9D0-769ED8A75A05}.Debug|Any CPU.ActiveCfg = Debug|Any CPU
		{123AA235-12AB-4603-A9D0-769ED8A75A05}.Debug|Any CPU.Build.0 = Debug|Any CPU
		{123AA235-12AB-4603-A9D0-769ED8A75A05}.Release|Any CPU.ActiveCfg = Release|Any CPU
		{123AA235-12AB-4603-A9D0-769ED8A75A05}.Release|Any CPU.Build.0 = Release|Any CPU
		{7792E187-82DD-4632-9DCC-56D811D2CDD6}.Debug|Any CPU.ActiveCfg = Debug|Any CPU
		{7792E187-82DD-4632-9DCC-56D811D2CDD6}.Debug|Any CPU.Build.0 = Debug|Any CPU
		{7792E187-82DD-4632-9DCC-56D811D2CDD6}.Release|Any CPU.ActiveCfg = Release|Any CPU
		{7792E187-82DD-4632-9DCC-56D811D2CDD6}.Release|Any CPU.Build.0 = Release|Any CPU
		{D9B79F03-7196-4F2C-BA9E-9B86ADA7C846}.Debug|Any CPU.ActiveCfg = Debug|Any CPU
		{D9B79F03-7196-4F2C-BA9E-9B86ADA7C846}.Debug|Any CPU.Build.0 = Debug|Any CPU
		{D9B79F03-7196-4F2C-BA9E-9B86ADA7C846}.Release|Any CPU.ActiveCfg = Release|Any CPU
		{D9B79F03-7196-4F2C-BA9E-9B86ADA7C846}.Release|Any CPU.Build.0 = Release|Any CPU
		{5EFED5B7-165C-4652-A798-380F4E10D28F}.Debug|Any CPU.ActiveCfg = Debug|Any CPU
		{5EFED5B7-165C-4652-A798-380F4E10D28F}.Debug|Any CPU.Build.0 = Debug|Any CPU
		{5EFED5B7-165C-4652-A798-380F4E10D28F}.Release|Any CPU.ActiveCfg = Release|Any CPU
		{5EFED5B7-165C-4652-A798-380F4E10D28F}.Release|Any CPU.Build.0 = Release|Any CPU
		{1B5C95B8-0626-4FA3-817E-E7FC590DC530}.Debug|Any CPU.ActiveCfg = Debug|Any CPU
		{1B5C95B8-0626-4FA3-817E-E7FC590DC530}.Debug|Any CPU.Build.0 = Debug|Any CPU
		{1B5C95B8-0626-4FA3-817E-E7FC590DC530}.Release|Any CPU.ActiveCfg = Release|Any CPU
		{1B5C95B8-0626-4FA3-817E-E7FC590DC530}.Release|Any CPU.Build.0 = Release|Any CPU
		{D1B43F50-ED98-4A72-8D21-1D091329D265}.Debug|Any CPU.ActiveCfg = Debug|Any CPU
		{D1B43F50-ED98-4A72-8D21-1D091329D265}.Debug|Any CPU.Build.0 = Debug|Any CPU
		{D1B43F50-ED98-4A72-8D21-1D091329D265}.Release|Any CPU.ActiveCfg = Release|Any CPU
		{D1B43F50-ED98-4A72-8D21-1D091329D265}.Release|Any CPU.Build.0 = Release|Any CPU
		{60AA70C6-B61F-4E1D-942F-C38B05CFDFDD}.Debug|Any CPU.ActiveCfg = Debug|Any CPU
		{60AA70C6-B61F-4E1D-942F-C38B05CFDFDD}.Debug|Any CPU.Build.0 = Debug|Any CPU
		{60AA70C6-B61F-4E1D-942F-C38B05CFDFDD}.Release|Any CPU.ActiveCfg = Release|Any CPU
		{60AA70C6-B61F-4E1D-942F-C38B05CFDFDD}.Release|Any CPU.Build.0 = Release|Any CPU
		{26681D3B-96E3-4277-8192-619FC30AB879}.Debug|Any CPU.ActiveCfg = Debug|Any CPU
		{26681D3B-96E3-4277-8192-619FC30AB879}.Debug|Any CPU.Build.0 = Debug|Any CPU
		{26681D3B-96E3-4277-8192-619FC30AB879}.Release|Any CPU.ActiveCfg = Release|Any CPU
		{26681D3B-96E3-4277-8192-619FC30AB879}.Release|Any CPU.Build.0 = Release|Any CPU
		{B315A5C7-C9DF-43C9-B9E8-508579A97683}.Debug|Any CPU.ActiveCfg = Debug|Any CPU
		{B315A5C7-C9DF-43C9-B9E8-508579A97683}.Debug|Any CPU.Build.0 = Debug|Any CPU
		{B315A5C7-C9DF-43C9-B9E8-508579A97683}.Release|Any CPU.ActiveCfg = Release|Any CPU
		{B315A5C7-C9DF-43C9-B9E8-508579A97683}.Release|Any CPU.Build.0 = Release|Any CPU
		{FF1115E4-CCA1-40A2-A2E4-1155E199166A}.Debug|Any CPU.ActiveCfg = Debug|Any CPU
		{FF1115E4-CCA1-40A2-A2E4-1155E199166A}.Debug|Any CPU.Build.0 = Debug|Any CPU
		{FF1115E4-CCA1-40A2-A2E4-1155E199166A}.Release|Any CPU.ActiveCfg = Release|Any CPU
		{FF1115E4-CCA1-40A2-A2E4-1155E199166A}.Release|Any CPU.Build.0 = Release|Any CPU
	EndGlobalSection
	GlobalSection(SolutionProperties) = preSolution
		HideSolutionNode = FALSE
	EndGlobalSection
	GlobalSection(NestedProjects) = preSolution
		{BDCFE174-CB84-4833-ADB2-B63A7B69D768} = {CADBDB9C-5FEE-474F-8A09-1BD90B8999A4}
		{AB2F7A2E-17E7-4652-B9B6-D9814F840846} = {3D76471B-A563-40F4-A643-BA61401308D5}
		{19517A0C-586D-4D19-A81E-D11AC2F93F49} = {CADBDB9C-5FEE-474F-8A09-1BD90B8999A4}
		{9FA876A0-CFE4-401D-93E2-C21ADFE992A2} = {CADBDB9C-5FEE-474F-8A09-1BD90B8999A4}
		{D3C9A877-ED55-4219-AF7A-227B21C87F24} = {CADBDB9C-5FEE-474F-8A09-1BD90B8999A4}
		{F2AD28F5-FB8A-4585-8B7B-57272D8D898B} = {CADBDB9C-5FEE-474F-8A09-1BD90B8999A4}
		{7892F25A-B6F0-43EE-9834-9867404962E3} = {CADBDB9C-5FEE-474F-8A09-1BD90B8999A4}
		{4054A9A4-94A2-45A2-9933-7E75AC9EFCE4} = {CADBDB9C-5FEE-474F-8A09-1BD90B8999A4}
		{123AA235-12AB-4603-A9D0-769ED8A75A05} = {CADBDB9C-5FEE-474F-8A09-1BD90B8999A4}
		{7792E187-82DD-4632-9DCC-56D811D2CDD6} = {CADBDB9C-5FEE-474F-8A09-1BD90B8999A4}
		{D9B79F03-7196-4F2C-BA9E-9B86ADA7C846} = {CADBDB9C-5FEE-474F-8A09-1BD90B8999A4}
		{5EFED5B7-165C-4652-A798-380F4E10D28F} = {CADBDB9C-5FEE-474F-8A09-1BD90B8999A4}
		{1B5C95B8-0626-4FA3-817E-E7FC590DC530} = {CADBDB9C-5FEE-474F-8A09-1BD90B8999A4}
		{D1B43F50-ED98-4A72-8D21-1D091329D265} = {CADBDB9C-5FEE-474F-8A09-1BD90B8999A4}
		{60AA70C6-B61F-4E1D-942F-C38B05CFDFDD} = {CADBDB9C-5FEE-474F-8A09-1BD90B8999A4}
		{26681D3B-96E3-4277-8192-619FC30AB879} = {CADBDB9C-5FEE-474F-8A09-1BD90B8999A4}
		{B315A5C7-C9DF-43C9-B9E8-508579A97683} = {CADBDB9C-5FEE-474F-8A09-1BD90B8999A4}
		{FF1115E4-CCA1-40A2-A2E4-1155E199166A} = {CADBDB9C-5FEE-474F-8A09-1BD90B8999A4}
	EndGlobalSection
	GlobalSection(ExtensibilityGlobals) = postSolution
		SolutionGuid = {0FBA6141-187D-457A-95AD-2AE6A2AD9FCA}
	EndGlobalSection
EndGlobal
