
Microsoft Visual Studio Solution File, Format Version 12.00
# Visual Studio Version 17
VisualStudioVersion = 17.0.31903.59
MinimumVisualStudioVersion = 10.0.40219.1
Project("{2150E333-8FDC-42A3-9474-1A3956D46DE8}") = "src", "src", "{CADBDB9C-5FEE-474F-8A09-1BD90B8999A4}"
EndProject
Project("{9A19103F-16F7-4668-BE54-9A1E7A4F7556}") = "Result.v1", "src\Result.v1\Result.v1.csproj", "{BDCFE174-CB84-4833-ADB2-B63A7B69D768}"
EndProject
Project("{9A19103F-16F7-4668-BE54-9A1E7A4F7556}") = "Extensions", "src\Extensions\Extensions.csproj", "{9305D38B-A02D-4F42-B3DE-FF83E052175D}"
EndProject
Project("{9A19103F-16F7-4668-BE54-9A1E7A4F7556}") = "Extensions.Caching", "src\Extensions.Caching\Extensions.Caching.csproj", "{1844F4F7-7E8A-4C89-BB4D-2C6D9220865E}"
EndProject
Project("{9A19103F-16F7-4668-BE54-9A1E7A4F7556}") = "Extensions.DependencyInjection", "src\Extensions.DependencyInjection\Extensions.DependencyInjection.csproj", "{A5F14C57-8F8F-4918-A6F9-6071B25F51F0}"
EndProject
Project("{9A19103F-16F7-4668-BE54-9A1E7A4F7556}") = "Extensions.Logging", "src\Extensions.Logging\Extensions.Logging.csproj", "{89D4D070-6C18-4F4F-AFEE-0056006C7421}"
EndProject
Project("{9A19103F-16F7-4668-BE54-9A1E7A4F7556}") = "EntityFrameworkCore", "src\EntityFrameworkCore\EntityFrameworkCore.csproj", "{7B141C88-EFEC-4150-8195-5E4C5A86DC6E}"
EndProject
Project("{2150E333-8FDC-42A3-9474-1A3956D46DE8}") = "sample", "sample", "{3D76471B-A563-40F4-A643-BA61401308D5}"
EndProject
Project("{9A19103F-16F7-4668-BE54-9A1E7A4F7556}") = "Host", "sample\Host\Host.csproj", "{AB2F7A2E-17E7-4652-B9B6-D9814F840846}"
EndProject
Project("{9A19103F-16F7-4668-BE54-9A1E7A4F7556}") = "Extensions.Documents", "src\Extensions.Documents\Extensions.Documents.csproj", "{41E80F9A-1C15-4619-B23A-EFB41850DFDB}"
EndProject
Project("{9A19103F-16F7-4668-BE54-9A1E7A4F7556}") = "Result.v2", "src\Result.v2\Result.v2.csproj", "{19517A0C-586D-4D19-A81E-D11AC2F93F49}"
EndProject
Project("{9A19103F-16F7-4668-BE54-9A1E7A4F7556}") = "Extensions.SmtpMail", "src\Extensions.SmtpMail\Extensions.SmtpMail.csproj", "{A724D200-9D71-4344-A503-2BD53B8A53DF}"
EndProject
Project("{9A19103F-16F7-4668-BE54-9A1E7A4F7556}") = "Extensions.Graph", "src\Extensions.Graph\Extensions.Graph.csproj", "{939C2E64-5203-4442-9B2D-DA8CB704F37E}"
EndProject
Project("{9A19103F-16F7-4668-BE54-9A1E7A4F7556}") = "Extensions.EventBus.RabbitMQ", "src\Extensions.EventBus.RabbitMQ\Extensions.EventBus.RabbitMQ.csproj", "{55BBC085-54E4-4D8A-8DFC-B6659FA28C18}"
EndProject
Project("{9A19103F-16F7-4668-BE54-9A1E7A4F7556}") = "Extensions.EventBus.Redis", "src\Extensions.EventBus.Redis\Extensions.EventBus.Redis.csproj", "{88B8CCC1-B682-4D9B-B511-D25F24EE3359}"
EndProject
Project("{9A19103F-16F7-4668-BE54-9A1E7A4F7556}") = "Core", "src\Core\Core.csproj", "{9FA876A0-CFE4-401D-93E2-C21ADFE992A2}"
EndProject
Project("{9A19103F-16F7-4668-BE54-9A1E7A4F7556}") = "EntityFrameworkCore.Cache", "src\EntityFrameworkCore.Cache\EntityFrameworkCore.Cache.csproj", "{0C119A38-71BE-487F-82DA-151B02863123}"
EndProject
Project("{9A19103F-16F7-4668-BE54-9A1E7A4F7556}") = "EntityFrameworkCore.Extensions", "src\EntityFrameworkCore.Extensions\EntityFrameworkCore.Extensions.csproj", "{A8433937-D668-4F9D-BE3C-FC2FC8C1366C}"
EndProject
Project("{9A19103F-16F7-4668-BE54-9A1E7A4F7556}") = "Identity", "src\Identity\Identity.csproj", "{FF0C9174-4C50-4674-A51F-5F921F688CA4}"
EndProject
Project("{9A19103F-16F7-4668-BE54-9A1E7A4F7556}") = "Identity.EntityFrameworkCore", "src\Identity.EntityFrameworkCore\Identity.EntityFrameworkCore.csproj", "{2D15B5EE-5981-460D-889C-A84989C793E0}"
EndProject
Project("{9A19103F-16F7-4668-BE54-9A1E7A4F7556}") = "DomainActiveDirectory", "src\DomainActiveDirectory\DomainActiveDirectory.csproj", "{A40A5B06-AD62-467F-AD40-3A4D060722D6}"
EndProject
Project("{2150E333-8FDC-42A3-9474-1A3956D46DE8}") = "modules", "modules", "{E8C05B08-6407-4235-9B5A-F8CFBB43F60B}"
EndProject
Project("{2150E333-8FDC-42A3-9474-1A3956D46DE8}") = "Identity", "Identity", "{565A94DF-CA0E-4709-8B05-C8C557E2E0A4}"
EndProject
Project("{2150E333-8FDC-42A3-9474-1A3956D46DE8}") = "ActiveDirectory", "ActiveDirectory", "{0179EF2B-CF9E-4532-A7DF-AD9F9DCB4C19}"
EndProject
Project("{9A19103F-16F7-4668-BE54-9A1E7A4F7556}") = "Identity.Migrator", "src\Identity.Migrator\Identity.Migrator.csproj", "{D2495757-94AA-4E08-993B-07F6C20375C8}"
EndProject
Global
	GlobalSection(SolutionConfigurationPlatforms) = preSolution
		Debug|Any CPU = Debug|Any CPU
		Release|Any CPU = Release|Any CPU
	EndGlobalSection
	GlobalSection(ProjectConfigurationPlatforms) = postSolution
		{BDCFE174-CB84-4833-ADB2-B63A7B69D768}.Debug|Any CPU.ActiveCfg = Debug|Any CPU
		{BDCFE174-CB84-4833-ADB2-B63A7B69D768}.Debug|Any CPU.Build.0 = Debug|Any CPU
		{BDCFE174-CB84-4833-ADB2-B63A7B69D768}.Release|Any CPU.ActiveCfg = Release|Any CPU
		{BDCFE174-CB84-4833-ADB2-B63A7B69D768}.Release|Any CPU.Build.0 = Release|Any CPU
		{9305D38B-A02D-4F42-B3DE-FF83E052175D}.Debug|Any CPU.ActiveCfg = Debug|Any CPU
		{9305D38B-A02D-4F42-B3DE-FF83E052175D}.Debug|Any CPU.Build.0 = Debug|Any CPU
		{9305D38B-A02D-4F42-B3DE-FF83E052175D}.Release|Any CPU.ActiveCfg = Release|Any CPU
		{9305D38B-A02D-4F42-B3DE-FF83E052175D}.Release|Any CPU.Build.0 = Release|Any CPU
		{1844F4F7-7E8A-4C89-BB4D-2C6D9220865E}.Debug|Any CPU.ActiveCfg = Debug|Any CPU
		{1844F4F7-7E8A-4C89-BB4D-2C6D9220865E}.Debug|Any CPU.Build.0 = Debug|Any CPU
		{1844F4F7-7E8A-4C89-BB4D-2C6D9220865E}.Release|Any CPU.ActiveCfg = Release|Any CPU
		{1844F4F7-7E8A-4C89-BB4D-2C6D9220865E}.Release|Any CPU.Build.0 = Release|Any CPU
		{A5F14C57-8F8F-4918-A6F9-6071B25F51F0}.Debug|Any CPU.ActiveCfg = Debug|Any CPU
		{A5F14C57-8F8F-4918-A6F9-6071B25F51F0}.Debug|Any CPU.Build.0 = Debug|Any CPU
		{A5F14C57-8F8F-4918-A6F9-6071B25F51F0}.Release|Any CPU.ActiveCfg = Release|Any CPU
		{A5F14C57-8F8F-4918-A6F9-6071B25F51F0}.Release|Any CPU.Build.0 = Release|Any CPU
		{89D4D070-6C18-4F4F-AFEE-0056006C7421}.Debug|Any CPU.ActiveCfg = Debug|Any CPU
		{89D4D070-6C18-4F4F-AFEE-0056006C7421}.Debug|Any CPU.Build.0 = Debug|Any CPU
		{89D4D070-6C18-4F4F-AFEE-0056006C7421}.Release|Any CPU.ActiveCfg = Release|Any CPU
		{89D4D070-6C18-4F4F-AFEE-0056006C7421}.Release|Any CPU.Build.0 = Release|Any CPU
		{7B141C88-EFEC-4150-8195-5E4C5A86DC6E}.Debug|Any CPU.ActiveCfg = Debug|Any CPU
		{7B141C88-EFEC-4150-8195-5E4C5A86DC6E}.Debug|Any CPU.Build.0 = Debug|Any CPU
		{7B141C88-EFEC-4150-8195-5E4C5A86DC6E}.Release|Any CPU.ActiveCfg = Release|Any CPU
		{7B141C88-EFEC-4150-8195-5E4C5A86DC6E}.Release|Any CPU.Build.0 = Release|Any CPU
		{AB2F7A2E-17E7-4652-B9B6-D9814F840846}.Debug|Any CPU.ActiveCfg = Debug|Any CPU
		{AB2F7A2E-17E7-4652-B9B6-D9814F840846}.Debug|Any CPU.Build.0 = Debug|Any CPU
		{AB2F7A2E-17E7-4652-B9B6-D9814F840846}.Release|Any CPU.ActiveCfg = Release|Any CPU
		{AB2F7A2E-17E7-4652-B9B6-D9814F840846}.Release|Any CPU.Build.0 = Release|Any CPU
		{41E80F9A-1C15-4619-B23A-EFB41850DFDB}.Debug|Any CPU.ActiveCfg = Debug|Any CPU
		{41E80F9A-1C15-4619-B23A-EFB41850DFDB}.Debug|Any CPU.Build.0 = Debug|Any CPU
		{41E80F9A-1C15-4619-B23A-EFB41850DFDB}.Release|Any CPU.ActiveCfg = Release|Any CPU
		{41E80F9A-1C15-4619-B23A-EFB41850DFDB}.Release|Any CPU.Build.0 = Release|Any CPU
		{19517A0C-586D-4D19-A81E-D11AC2F93F49}.Debug|Any CPU.ActiveCfg = Debug|Any CPU
		{19517A0C-586D-4D19-A81E-D11AC2F93F49}.Debug|Any CPU.Build.0 = Debug|Any CPU
		{19517A0C-586D-4D19-A81E-D11AC2F93F49}.Release|Any CPU.ActiveCfg = Release|Any CPU
		{19517A0C-586D-4D19-A81E-D11AC2F93F49}.Release|Any CPU.Build.0 = Release|Any CPU
		{A724D200-9D71-4344-A503-2BD53B8A53DF}.Debug|Any CPU.ActiveCfg = Debug|Any CPU
		{A724D200-9D71-4344-A503-2BD53B8A53DF}.Debug|Any CPU.Build.0 = Debug|Any CPU
		{A724D200-9D71-4344-A503-2BD53B8A53DF}.Release|Any CPU.ActiveCfg = Release|Any CPU
		{A724D200-9D71-4344-A503-2BD53B8A53DF}.Release|Any CPU.Build.0 = Release|Any CPU
		{939C2E64-5203-4442-9B2D-DA8CB704F37E}.Debug|Any CPU.ActiveCfg = Debug|Any CPU
		{939C2E64-5203-4442-9B2D-DA8CB704F37E}.Debug|Any CPU.Build.0 = Debug|Any CPU
		{939C2E64-5203-4442-9B2D-DA8CB704F37E}.Release|Any CPU.ActiveCfg = Release|Any CPU
		{939C2E64-5203-4442-9B2D-DA8CB704F37E}.Release|Any CPU.Build.0 = Release|Any CPU
		{55BBC085-54E4-4D8A-8DFC-B6659FA28C18}.Debug|Any CPU.ActiveCfg = Debug|Any CPU
		{55BBC085-54E4-4D8A-8DFC-B6659FA28C18}.Debug|Any CPU.Build.0 = Debug|Any CPU
		{55BBC085-54E4-4D8A-8DFC-B6659FA28C18}.Release|Any CPU.ActiveCfg = Release|Any CPU
		{55BBC085-54E4-4D8A-8DFC-B6659FA28C18}.Release|Any CPU.Build.0 = Release|Any CPU
		{88B8CCC1-B682-4D9B-B511-D25F24EE3359}.Debug|Any CPU.ActiveCfg = Debug|Any CPU
		{88B8CCC1-B682-4D9B-B511-D25F24EE3359}.Debug|Any CPU.Build.0 = Debug|Any CPU
		{88B8CCC1-B682-4D9B-B511-D25F24EE3359}.Release|Any CPU.ActiveCfg = Release|Any CPU
		{88B8CCC1-B682-4D9B-B511-D25F24EE3359}.Release|Any CPU.Build.0 = Release|Any CPU
		{9FA876A0-CFE4-401D-93E2-C21ADFE992A2}.Debug|Any CPU.ActiveCfg = Debug|Any CPU
		{9FA876A0-CFE4-401D-93E2-C21ADFE992A2}.Debug|Any CPU.Build.0 = Debug|Any CPU
		{9FA876A0-CFE4-401D-93E2-C21ADFE992A2}.Release|Any CPU.ActiveCfg = Release|Any CPU
		{9FA876A0-CFE4-401D-93E2-C21ADFE992A2}.Release|Any CPU.Build.0 = Release|Any CPU
		{0C119A38-71BE-487F-82DA-151B02863123}.Debug|Any CPU.ActiveCfg = Debug|Any CPU
		{0C119A38-71BE-487F-82DA-151B02863123}.Debug|Any CPU.Build.0 = Debug|Any CPU
		{0C119A38-71BE-487F-82DA-151B02863123}.Release|Any CPU.ActiveCfg = Release|Any CPU
		{0C119A38-71BE-487F-82DA-151B02863123}.Release|Any CPU.Build.0 = Release|Any CPU
		{A8433937-D668-4F9D-BE3C-FC2FC8C1366C}.Debug|Any CPU.ActiveCfg = Debug|Any CPU
		{A8433937-D668-4F9D-BE3C-FC2FC8C1366C}.Debug|Any CPU.Build.0 = Debug|Any CPU
		{A8433937-D668-4F9D-BE3C-FC2FC8C1366C}.Release|Any CPU.ActiveCfg = Release|Any CPU
		{A8433937-D668-4F9D-BE3C-FC2FC8C1366C}.Release|Any CPU.Build.0 = Release|Any CPU
		{FF0C9174-4C50-4674-A51F-5F921F688CA4}.Debug|Any CPU.ActiveCfg = Release|Any CPU
		{FF0C9174-4C50-4674-A51F-5F921F688CA4}.Debug|Any CPU.Build.0 = Release|Any CPU
		{FF0C9174-4C50-4674-A51F-5F921F688CA4}.Release|Any CPU.ActiveCfg = Release|Any CPU
		{FF0C9174-4C50-4674-A51F-5F921F688CA4}.Release|Any CPU.Build.0 = Release|Any CPU
		{2D15B5EE-5981-460D-889C-A84989C793E0}.Debug|Any CPU.ActiveCfg = Debug|Any CPU
		{2D15B5EE-5981-460D-889C-A84989C793E0}.Debug|Any CPU.Build.0 = Debug|Any CPU
		{2D15B5EE-5981-460D-889C-A84989C793E0}.Release|Any CPU.ActiveCfg = Release|Any CPU
		{2D15B5EE-5981-460D-889C-A84989C793E0}.Release|Any CPU.Build.0 = Release|Any CPU
		{A40A5B06-AD62-467F-AD40-3A4D060722D6}.Debug|Any CPU.ActiveCfg = Debug|Any CPU
		{A40A5B06-AD62-467F-AD40-3A4D060722D6}.Debug|Any CPU.Build.0 = Debug|Any CPU
		{A40A5B06-AD62-467F-AD40-3A4D060722D6}.Release|Any CPU.ActiveCfg = Release|Any CPU
		{A40A5B06-AD62-467F-AD40-3A4D060722D6}.Release|Any CPU.Build.0 = Release|Any CPU
		{D2495757-94AA-4E08-993B-07F6C20375C8}.Debug|Any CPU.ActiveCfg = Debug|Any CPU
		{D2495757-94AA-4E08-993B-07F6C20375C8}.Debug|Any CPU.Build.0 = Debug|Any CPU
		{D2495757-94AA-4E08-993B-07F6C20375C8}.Release|Any CPU.ActiveCfg = Release|Any CPU
		{D2495757-94AA-4E08-993B-07F6C20375C8}.Release|Any CPU.Build.0 = Release|Any CPU
	EndGlobalSection
	GlobalSection(SolutionProperties) = preSolution
		HideSolutionNode = FALSE
	EndGlobalSection
	GlobalSection(NestedProjects) = preSolution
		{BDCFE174-CB84-4833-ADB2-B63A7B69D768} = {CADBDB9C-5FEE-474F-8A09-1BD90B8999A4}
		{9305D38B-A02D-4F42-B3DE-FF83E052175D} = {CADBDB9C-5FEE-474F-8A09-1BD90B8999A4}
		{1844F4F7-7E8A-4C89-BB4D-2C6D9220865E} = {CADBDB9C-5FEE-474F-8A09-1BD90B8999A4}
		{A5F14C57-8F8F-4918-A6F9-6071B25F51F0} = {CADBDB9C-5FEE-474F-8A09-1BD90B8999A4}
		{89D4D070-6C18-4F4F-AFEE-0056006C7421} = {CADBDB9C-5FEE-474F-8A09-1BD90B8999A4}
		{7B141C88-EFEC-4150-8195-5E4C5A86DC6E} = {CADBDB9C-5FEE-474F-8A09-1BD90B8999A4}
		{AB2F7A2E-17E7-4652-B9B6-D9814F840846} = {3D76471B-A563-40F4-A643-BA61401308D5}
		{41E80F9A-1C15-4619-B23A-EFB41850DFDB} = {CADBDB9C-5FEE-474F-8A09-1BD90B8999A4}
		{19517A0C-586D-4D19-A81E-D11AC2F93F49} = {CADBDB9C-5FEE-474F-8A09-1BD90B8999A4}
		{A724D200-9D71-4344-A503-2BD53B8A53DF} = {CADBDB9C-5FEE-474F-8A09-1BD90B8999A4}
		{939C2E64-5203-4442-9B2D-DA8CB704F37E} = {CADBDB9C-5FEE-474F-8A09-1BD90B8999A4}
		{55BBC085-54E4-4D8A-8DFC-B6659FA28C18} = {CADBDB9C-5FEE-474F-8A09-1BD90B8999A4}
		{88B8CCC1-B682-4D9B-B511-D25F24EE3359} = {CADBDB9C-5FEE-474F-8A09-1BD90B8999A4}
		{9FA876A0-CFE4-401D-93E2-C21ADFE992A2} = {CADBDB9C-5FEE-474F-8A09-1BD90B8999A4}
		{0C119A38-71BE-487F-82DA-151B02863123} = {CADBDB9C-5FEE-474F-8A09-1BD90B8999A4}
		{A8433937-D668-4F9D-BE3C-FC2FC8C1366C} = {CADBDB9C-5FEE-474F-8A09-1BD90B8999A4}
		{FF0C9174-4C50-4674-A51F-5F921F688CA4} = {565A94DF-CA0E-4709-8B05-C8C557E2E0A4}
		{2D15B5EE-5981-460D-889C-A84989C793E0} = {565A94DF-CA0E-4709-8B05-C8C557E2E0A4}
		{A40A5B06-AD62-467F-AD40-3A4D060722D6} = {0179EF2B-CF9E-4532-A7DF-AD9F9DCB4C19}
		{565A94DF-CA0E-4709-8B05-C8C557E2E0A4} = {E8C05B08-6407-4235-9B5A-F8CFBB43F60B}
		{0179EF2B-CF9E-4532-A7DF-AD9F9DCB4C19} = {E8C05B08-6407-4235-9B5A-F8CFBB43F60B}
		{D2495757-94AA-4E08-993B-07F6C20375C8} = {565A94DF-CA0E-4709-8B05-C8C557E2E0A4}
	EndGlobalSection
	GlobalSection(ExtensibilityGlobals) = postSolution
		SolutionGuid = {0FBA6141-187D-457A-95AD-2AE6A2AD9FCA}
	EndGlobalSection
EndGlobal
