
Microsoft Visual Studio Solution File, Format Version 12.00
# Visual Studio Version 17
VisualStudioVersion = 17.0.31903.59
MinimumVisualStudioVersion = 10.0.40219.1
Project("{2150E333-8FDC-42A3-9474-1A3956D46DE8}") = "src", "src", "{CADBDB9C-5FEE-474F-8A09-1BD90B8999A4}"
EndProject
Project("{9A19103F-16F7-4668-BE54-9A1E7A4F7556}") = "Result.v1", "src\Result.v1\Result.v1.csproj", "{BDCFE174-CB84-4833-ADB2-B63A7B69D768}"
EndProject
Project("{9A19103F-16F7-4668-BE54-9A1E7A4F7556}") = "Extensions", "src\Extensions\Extensions.csproj", "{9305D38B-A02D-4F42-B3DE-FF83E052175D}"
EndProject
Project("{9A19103F-16F7-4668-BE54-9A1E7A4F7556}") = "Extensions.Caching", "src\Extensions.Caching\Extensions.Caching.csproj", "{1844F4F7-7E8A-4C89-BB4D-2C6D9220865E}"
EndProject
Project("{9A19103F-16F7-4668-BE54-9A1E7A4F7556}") = "Extensions.DependencyInjection", "src\Extensions.DependencyInjection\Extensions.DependencyInjection.csproj", "{A5F14C57-8F8F-4918-A6F9-6071B25F51F0}"
EndProject
Project("{9A19103F-16F7-4668-BE54-9A1E7A4F7556}") = "Extensions.Logging", "src\Extensions.Logging\Extensions.Logging.csproj", "{89D4D070-6C18-4F4F-AFEE-0056006C7421}"
EndProject
Project("{9A19103F-16F7-4668-BE54-9A1E7A4F7556}") = "EntityFrameworkCore", "src\EntityFrameworkCore\EntityFrameworkCore.csproj", "{7B141C88-EFEC-4150-8195-5E4C5A86DC6E}"
EndProject
Project("{2150E333-8FDC-42A3-9474-1A3956D46DE8}") = "sample", "sample", "{3D76471B-A563-40F4-A643-BA61401308D5}"
EndProject
Project("{9A19103F-16F7-4668-BE54-9A1E7A4F7556}") = "Host", "sample\Host\Host.csproj", "{AB2F7A2E-17E7-4652-B9B6-D9814F840846}"
EndProject
Project("{9A19103F-16F7-4668-BE54-9A1E7A4F7556}") = "Extensions.Documents", "src\Extensions.Documents\Extensions.Documents.csproj", "{41E80F9A-1C15-4619-B23A-EFB41850DFDB}"
EndProject
Project("{9A19103F-16F7-4668-BE54-9A1E7A4F7556}") = "Result.v2", "src\Result.v2\Result.v2.csproj", "{19517A0C-586D-4D19-A81E-D11AC2F93F49}"
EndProject
Project("{9A19103F-16F7-4668-BE54-9A1E7A4F7556}") = "Extensions.SmtpMail", "src\Extensions.SmtpMail\Extensions.SmtpMail.csproj", "{A724D200-9D71-4344-A503-2BD53B8A53DF}"
EndProject
Project("{9A19103F-16F7-4668-BE54-9A1E7A4F7556}") = "Extensions.Graph", "src\Extensions.Graph\Extensions.Graph.csproj", "{939C2E64-5203-4442-9B2D-DA8CB704F37E}"
EndProject
Project("{9A19103F-16F7-4668-BE54-9A1E7A4F7556}") = "Core", "src\Core\Core.csproj", "{9FA876A0-CFE4-401D-93E2-C21ADFE992A2}"
EndProject
Project("{9A19103F-16F7-4668-BE54-9A1E7A4F7556}") = "EntityFrameworkCore.Cache", "src\EntityFrameworkCore.Cache\EntityFrameworkCore.Cache.csproj", "{0C119A38-71BE-487F-82DA-151B02863123}"
EndProject
Project("{9A19103F-16F7-4668-BE54-9A1E7A4F7556}") = "EntityFrameworkCore.Extensions", "src\EntityFrameworkCore.Extensions\EntityFrameworkCore.Extensions.csproj", "{A8433937-D668-4F9D-BE3C-FC2FC8C1366C}"
EndProject
Project("{9A19103F-16F7-4668-BE54-9A1E7A4F7556}") = "Extensions.Telegram", "src\Extensions.Telegram\Extensions.Telegram.csproj", "{EE9F3A93-09CF-4177-8112-8FC43A0EA312}"
EndProject
Global
	GlobalSection(SolutionConfigurationPlatforms) = preSolution
		Debug|Any CPU = Debug|Any CPU
		Release|Any CPU = Release|Any CPU
	EndGlobalSection
	GlobalSection(ProjectConfigurationPlatforms) = postSolution
		{BDCFE174-CB84-4833-ADB2-B63A7B69D768}.Debug|Any CPU.ActiveCfg = Debug|Any CPU
		{BDCFE174-CB84-4833-ADB2-B63A7B69D768}.Debug|Any CPU.Build.0 = Debug|Any CPU
		{BDCFE174-CB84-4833-ADB2-B63A7B69D768}.Release|Any CPU.ActiveCfg = Release|Any CPU
		{BDCFE174-CB84-4833-ADB2-B63A7B69D768}.Release|Any CPU.Build.0 = Release|Any CPU
		{9305D38B-A02D-4F42-B3DE-FF83E052175D}.Debug|Any CPU.ActiveCfg = Debug|Any CPU
		{9305D38B-A02D-4F42-B3DE-FF83E052175D}.Debug|Any CPU.Build.0 = Debug|Any CPU
		{9305D38B-A02D-4F42-B3DE-FF83E052175D}.Release|Any CPU.ActiveCfg = Release|Any CPU
		{9305D38B-A02D-4F42-B3DE-FF83E052175D}.Release|Any CPU.Build.0 = Release|Any CPU
		{1844F4F7-7E8A-4C89-BB4D-2C6D9220865E}.Debug|Any CPU.ActiveCfg = Debug|Any CPU
		{1844F4F7-7E8A-4C89-BB4D-2C6D9220865E}.Debug|Any CPU.Build.0 = Debug|Any CPU
		{1844F4F7-7E8A-4C89-BB4D-2C6D9220865E}.Release|Any CPU.ActiveCfg = Release|Any CPU
		{1844F4F7-7E8A-4C89-BB4D-2C6D9220865E}.Release|Any CPU.Build.0 = Release|Any CPU
		{A5F14C57-8F8F-4918-A6F9-6071B25F51F0}.Debug|Any CPU.ActiveCfg = Debug|Any CPU
		{A5F14C57-8F8F-4918-A6F9-6071B25F51F0}.Debug|Any CPU.Build.0 = Debug|Any CPU
		{A5F14C57-8F8F-4918-A6F9-6071B25F51F0}.Release|Any CPU.ActiveCfg = Release|Any CPU
		{A5F14C57-8F8F-4918-A6F9-6071B25F51F0}.Release|Any CPU.Build.0 = Release|Any CPU
		{89D4D070-6C18-4F4F-AFEE-0056006C7421}.Debug|Any CPU.ActiveCfg = Debug|Any CPU
		{89D4D070-6C18-4F4F-AFEE-0056006C7421}.Debug|Any CPU.Build.0 = Debug|Any CPU
		{89D4D070-6C18-4F4F-AFEE-0056006C7421}.Release|Any CPU.ActiveCfg = Release|Any CPU
		{89D4D070-6C18-4F4F-AFEE-0056006C7421}.Release|Any CPU.Build.0 = Release|Any CPU
		{7B141C88-EFEC-4150-8195-5E4C5A86DC6E}.Debug|Any CPU.ActiveCfg = Debug|Any CPU
		{7B141C88-EFEC-4150-8195-5E4C5A86DC6E}.Debug|Any CPU.Build.0 = Debug|Any CPU
		{7B141C88-EFEC-4150-8195-5E4C5A86DC6E}.Release|Any CPU.ActiveCfg = Release|Any CPU
		{7B141C88-EFEC-4150-8195-5E4C5A86DC6E}.Release|Any CPU.Build.0 = Release|Any CPU
		{AB2F7A2E-17E7-4652-B9B6-D9814F840846}.Debug|Any CPU.ActiveCfg = Debug|Any CPU
		{AB2F7A2E-17E7-4652-B9B6-D9814F840846}.Debug|Any CPU.Build.0 = Debug|Any CPU
		{AB2F7A2E-17E7-4652-B9B6-D9814F840846}.Release|Any CPU.ActiveCfg = Release|Any CPU
		{AB2F7A2E-17E7-4652-B9B6-D9814F840846}.Release|Any CPU.Build.0 = Release|Any CPU
		{41E80F9A-1C15-4619-B23A-EFB41850DFDB}.Debug|Any CPU.ActiveCfg = Debug|Any CPU
		{41E80F9A-1C15-4619-B23A-EFB41850DFDB}.Debug|Any CPU.Build.0 = Debug|Any CPU
		{41E80F9A-1C15-4619-B23A-EFB41850DFDB}.Release|Any CPU.ActiveCfg = Release|Any CPU
		{41E80F9A-1C15-4619-B23A-EFB41850DFDB}.Release|Any CPU.Build.0 = Release|Any CPU
		{19517A0C-586D-4D19-A81E-D11AC2F93F49}.Debug|Any CPU.ActiveCfg = Debug|Any CPU
		{19517A0C-586D-4D19-A81E-D11AC2F93F49}.Debug|Any CPU.Build.0 = Debug|Any CPU
		{19517A0C-586D-4D19-A81E-D11AC2F93F49}.Release|Any CPU.ActiveCfg = Release|Any CPU
		{19517A0C-586D-4D19-A81E-D11AC2F93F49}.Release|Any CPU.Build.0 = Release|Any CPU
		{A724D200-9D71-4344-A503-2BD53B8A53DF}.Debug|Any CPU.ActiveCfg = Debug|Any CPU
		{A724D200-9D71-4344-A503-2BD53B8A53DF}.Debug|Any CPU.Build.0 = Debug|Any CPU
		{A724D200-9D71-4344-A503-2BD53B8A53DF}.Release|Any CPU.ActiveCfg = Release|Any CPU
		{A724D200-9D71-4344-A503-2BD53B8A53DF}.Release|Any CPU.Build.0 = Release|Any CPU
		{939C2E64-5203-4442-9B2D-DA8CB704F37E}.Debug|Any CPU.ActiveCfg = Debug|Any CPU
		{939C2E64-5203-4442-9B2D-DA8CB704F37E}.Debug|Any CPU.Build.0 = Debug|Any CPU
		{939C2E64-5203-4442-9B2D-DA8CB704F37E}.Release|Any CPU.ActiveCfg = Release|Any CPU
		{939C2E64-5203-4442-9B2D-DA8CB704F37E}.Release|Any CPU.Build.0 = Release|Any CPU
		{9FA876A0-CFE4-401D-93E2-C21ADFE992A2}.Debug|Any CPU.ActiveCfg = Debug|Any CPU
		{9FA876A0-CFE4-401D-93E2-C21ADFE992A2}.Debug|Any CPU.Build.0 = Debug|Any CPU
		{9FA876A0-CFE4-401D-93E2-C21ADFE992A2}.Release|Any CPU.ActiveCfg = Release|Any CPU
		{9FA876A0-CFE4-401D-93E2-C21ADFE992A2}.Release|Any CPU.Build.0 = Release|Any CPU
		{0C119A38-71BE-487F-82DA-151B02863123}.Debug|Any CPU.ActiveCfg = Debug|Any CPU
		{0C119A38-71BE-487F-82DA-151B02863123}.Debug|Any CPU.Build.0 = Debug|Any CPU
		{0C119A38-71BE-487F-82DA-151B02863123}.Release|Any CPU.ActiveCfg = Release|Any CPU
		{0C119A38-71BE-487F-82DA-151B02863123}.Release|Any CPU.Build.0 = Release|Any CPU
		{A8433937-D668-4F9D-BE3C-FC2FC8C1366C}.Debug|Any CPU.ActiveCfg = Debug|Any CPU
		{A8433937-D668-4F9D-BE3C-FC2FC8C1366C}.Debug|Any CPU.Build.0 = Debug|Any CPU
		{A8433937-D668-4F9D-BE3C-FC2FC8C1366C}.Release|Any CPU.ActiveCfg = Release|Any CPU
		{A8433937-D668-4F9D-BE3C-FC2FC8C1366C}.Release|Any CPU.Build.0 = Release|Any CPU
		{EE9F3A93-09CF-4177-8112-8FC43A0EA312}.Debug|Any CPU.ActiveCfg = Debug|Any CPU
		{EE9F3A93-09CF-4177-8112-8FC43A0EA312}.Debug|Any CPU.Build.0 = Debug|Any CPU
		{EE9F3A93-09CF-4177-8112-8FC43A0EA312}.Release|Any CPU.ActiveCfg = Release|Any CPU
		{EE9F3A93-09CF-4177-8112-8FC43A0EA312}.Release|Any CPU.Build.0 = Release|Any CPU
	EndGlobalSection
	GlobalSection(SolutionProperties) = preSolution
		HideSolutionNode = FALSE
	EndGlobalSection
	GlobalSection(NestedProjects) = preSolution
		{BDCFE174-CB84-4833-ADB2-B63A7B69D768} = {CADBDB9C-5FEE-474F-8A09-1BD90B8999A4}
		{9305D38B-A02D-4F42-B3DE-FF83E052175D} = {CADBDB9C-5FEE-474F-8A09-1BD90B8999A4}
		{1844F4F7-7E8A-4C89-BB4D-2C6D9220865E} = {CADBDB9C-5FEE-474F-8A09-1BD90B8999A4}
		{A5F14C57-8F8F-4918-A6F9-6071B25F51F0} = {CADBDB9C-5FEE-474F-8A09-1BD90B8999A4}
		{89D4D070-6C18-4F4F-AFEE-0056006C7421} = {CADBDB9C-5FEE-474F-8A09-1BD90B8999A4}
		{7B141C88-EFEC-4150-8195-5E4C5A86DC6E} = {CADBDB9C-5FEE-474F-8A09-1BD90B8999A4}
		{AB2F7A2E-17E7-4652-B9B6-D9814F840846} = {3D76471B-A563-40F4-A643-BA61401308D5}
		{41E80F9A-1C15-4619-B23A-EFB41850DFDB} = {CADBDB9C-5FEE-474F-8A09-1BD90B8999A4}
		{19517A0C-586D-4D19-A81E-D11AC2F93F49} = {CADBDB9C-5FEE-474F-8A09-1BD90B8999A4}
		{A724D200-9D71-4344-A503-2BD53B8A53DF} = {CADBDB9C-5FEE-474F-8A09-1BD90B8999A4}
		{939C2E64-5203-4442-9B2D-DA8CB704F37E} = {CADBDB9C-5FEE-474F-8A09-1BD90B8999A4}
		{9FA876A0-CFE4-401D-93E2-C21ADFE992A2} = {CADBDB9C-5FEE-474F-8A09-1BD90B8999A4}
		{0C119A38-71BE-487F-82DA-151B02863123} = {CADBDB9C-5FEE-474F-8A09-1BD90B8999A4}
		{A8433937-D668-4F9D-BE3C-FC2FC8C1366C} = {CADBDB9C-5FEE-474F-8A09-1BD90B8999A4}
		{EE9F3A93-09CF-4177-8112-8FC43A0EA312} = {CADBDB9C-5FEE-474F-8A09-1BD90B8999A4}
	EndGlobalSection
	GlobalSection(ExtensibilityGlobals) = postSolution
		SolutionGuid = {0FBA6141-187D-457A-95AD-2AE6A2AD9FCA}
	EndGlobalSection
EndGlobal
